// !$*UTF8*$!
{
	archiveVersion = 1;
	classes = {
	};
	objectVersion = 46;
	objects = {

/* Begin PBXBuildFile section */
		FB1FE2E71AA4952700B24BC3 /* AppDelegate.swift in Sources */ = {isa = PBXBuildFile; fileRef = FB1FE2E61AA4952700B24BC3 /* AppDelegate.swift */; };
		FB1FE2E91AA4952700B24BC3 /* ViewController.swift in Sources */ = {isa = PBXBuildFile; fileRef = FB1FE2E81AA4952700B24BC3 /* ViewController.swift */; };
		FB1FE2EC1AA4952700B24BC3 /* Main.storyboard in Resources */ = {isa = PBXBuildFile; fileRef = FB1FE2EA1AA4952700B24BC3 /* Main.storyboard */; };
		FB1FE2EE1AA4952700B24BC3 /* Images.xcassets in Resources */ = {isa = PBXBuildFile; fileRef = FB1FE2ED1AA4952700B24BC3 /* Images.xcassets */; };
		FB1FE2F11AA4952700B24BC3 /* LaunchScreen.xib in Resources */ = {isa = PBXBuildFile; fileRef = FB1FE2EF1AA4952700B24BC3 /* LaunchScreen.xib */; };
		FB1FE2FD1AA4952700B24BC3 /* SoundGenerator_forMFTests.swift in Sources */ = {isa = PBXBuildFile; fileRef = FB1FE2FC1AA4952700B24BC3 /* SoundGenerator_forMFTests.swift */; };
		FB1FE3591AABCE4D00B24BC3 /* SoundController.swift in Sources */ = {isa = PBXBuildFile; fileRef = FB1FE3581AABCE4D00B24BC3 /* SoundController.swift */; };
		FB53E7211D44891E00763070 /* AudioOutput.mm in Sources */ = {isa = PBXBuildFile; fileRef = FB53E71F1D44891E00763070 /* AudioOutput.mm */; };
		FB53E72B1D44893700763070 /* mf_instrument.cpp in Sources */ = {isa = PBXBuildFile; fileRef = FB53E7231D44893700763070 /* mf_instrument.cpp */; };
		FB53E72C1D44893700763070 /* mf_note.cpp in Sources */ = {isa = PBXBuildFile; fileRef = FB53E7251D44893700763070 /* mf_note.cpp */; };
		FB53E72D1D44893700763070 /* mf_voice_context.cpp in Sources */ = {isa = PBXBuildFile; fileRef = FB53E7271D44893700763070 /* mf_voice_context.cpp */; };
		FB53E72E1D44893700763070 /* msgf_configuration.cpp in Sources */ = {isa = PBXBuildFile; fileRef = FB53E7291D44893700763070 /* msgf_configuration.cpp */; };
		FB53E75D1D44896500763070 /* msgf_amp2seg.cpp in Sources */ = {isa = PBXBuildFile; fileRef = FB53E7301D44896500763070 /* msgf_amp2seg.cpp */; };
		FB53E75E1D44896500763070 /* msgf_amp4seg.cpp in Sources */ = {isa = PBXBuildFile; fileRef = FB53E7321D44896500763070 /* msgf_amp4seg.cpp */; };
		FB53E75F1D44896500763070 /* msgf_amp_pipe.cpp in Sources */ = {isa = PBXBuildFile; fileRef = FB53E7341D44896500763070 /* msgf_amp_pipe.cpp */; };
		FB53E7601D44896500763070 /* msgf_iirfilter.cpp in Sources */ = {isa = PBXBuildFile; fileRef = FB53E7361D44896500763070 /* msgf_iirfilter.cpp */; };
		FB53E7611D44896500763070 /* msgf_osc_mono.cpp in Sources */ = {isa = PBXBuildFile; fileRef = FB53E7381D44896500763070 /* msgf_osc_mono.cpp */; };
		FB53E7621D44896500763070 /* msgf_osc_pipe.cpp in Sources */ = {isa = PBXBuildFile; fileRef = FB53E73A1D44896500763070 /* msgf_osc_pipe.cpp */; };
		FB53E7631D44896500763070 /* msgf_osc_synth.cpp in Sources */ = {isa = PBXBuildFile; fileRef = FB53E73C1D44896500763070 /* msgf_osc_synth.cpp */; };
		FB53E7641D44896500763070 /* msgf_osc_tmpr.cpp in Sources */ = {isa = PBXBuildFile; fileRef = FB53E73E1D44896500763070 /* msgf_osc_tmpr.cpp */; };
		FB53E7651D44896500763070 /* msgf_audio_buffer.cpp in Sources */ = {isa = PBXBuildFile; fileRef = FB53E7411D44896500763070 /* msgf_audio_buffer.cpp */; };
		FB53E7661D44896500763070 /* msgf_eg.cpp in Sources */ = {isa = PBXBuildFile; fileRef = FB53E7431D44896500763070 /* msgf_eg.cpp */; };
		FB53E7671D44896500763070 /* msgf_eg2seg.cpp in Sources */ = {isa = PBXBuildFile; fileRef = FB53E7451D44896500763070 /* msgf_eg2seg.cpp */; };
		FB53E7681D44896500763070 /* msgf_eg4seg.cpp in Sources */ = {isa = PBXBuildFile; fileRef = FB53E7471D44896500763070 /* msgf_eg4seg.cpp */; };
		FB53E7691D44896500763070 /* msgf_event_info.cpp in Sources */ = {isa = PBXBuildFile; fileRef = FB53E7491D44896500763070 /* msgf_event_info.cpp */; };
		FB53E76A1D44896500763070 /* msgf_if.cpp in Sources */ = {isa = PBXBuildFile; fileRef = FB53E74B1D44896500763070 /* msgf_if.cpp */; };
		FB53E76B1D44896500763070 /* msgf_instrument.cpp in Sources */ = {isa = PBXBuildFile; fileRef = FB53E74D1D44896500763070 /* msgf_instrument.cpp */; };
		FB53E76C1D44896500763070 /* msgf_instrument_for_check.cpp in Sources */ = {isa = PBXBuildFile; fileRef = FB53E74F1D44896500763070 /* msgf_instrument_for_check.cpp */; };
		FB53E76D1D44896500763070 /* msgf_level_check.cpp in Sources */ = {isa = PBXBuildFile; fileRef = FB53E7511D44896500763070 /* msgf_level_check.cpp */; };
		FB53E76E1D44896500763070 /* msgf_lfo.cpp in Sources */ = {isa = PBXBuildFile; fileRef = FB53E7531D44896500763070 /* msgf_lfo.cpp */; };
		FB53E76F1D44896500763070 /* msgf_note.cpp in Sources */ = {isa = PBXBuildFile; fileRef = FB53E7551D44896500763070 /* msgf_note.cpp */; };
		FB53E7701D44896500763070 /* msgf_part.cpp in Sources */ = {isa = PBXBuildFile; fileRef = FB53E7571D44896500763070 /* msgf_part.cpp */; };
		FB53E7711D44896500763070 /* msgf_voice_context.cpp in Sources */ = {isa = PBXBuildFile; fileRef = FB53E75B1D44896500763070 /* msgf_voice_context.cpp */; };
		FB53E7791D4489AD00763070 /* MIDIDriver.m in Sources */ = {isa = PBXBuildFile; fileRef = FB53E7741D4489AD00763070 /* MIDIDriver.m */; };
		FB53E77A1D4489AD00763070 /* MIDIParser.m in Sources */ = {isa = PBXBuildFile; fileRef = FB53E7761D4489AD00763070 /* MIDIParser.m */; };
		FB53E77B1D4489AD00763070 /* MIDIWork.m in Sources */ = {isa = PBXBuildFile; fileRef = FB53E7781D4489AD00763070 /* MIDIWork.m */; };
		FB9330BC1B25E06C00B5B6CC /* HSBSheetmusic.swift in Sources */ = {isa = PBXBuildFile; fileRef = FB9330BB1B25E06C00B5B6CC /* HSBSheetmusic.swift */; };
		FB9330BE1B25E0A000B5B6CC /* HSBSmNote.swift in Sources */ = {isa = PBXBuildFile; fileRef = FB9330BD1B25E0A000B5B6CC /* HSBSmNote.swift */; };
		FB9330C01B25E29500B5B6CC /* HSBScrollViewWithTouch.swift in Sources */ = {isa = PBXBuildFile; fileRef = FB9330BF1B25E29500B5B6CC /* HSBScrollViewWithTouch.swift */; };
/* End PBXBuildFile section */

/* Begin PBXContainerItemProxy section */
		FB1FE2F71AA4952700B24BC3 /* PBXContainerItemProxy */ = {
			isa = PBXContainerItemProxy;
			containerPortal = FB1FE2D91AA4952700B24BC3 /* Project object */;
			proxyType = 1;
			remoteGlobalIDString = FB1FE2E01AA4952700B24BC3;
			remoteInfo = SoundGenerator_forMF;
		};
/* End PBXContainerItemProxy section */

/* Begin PBXFileReference section */
		FB1FE2E11AA4952700B24BC3 /* SoundGenerator_forMF.app */ = {isa = PBXFileReference; explicitFileType = wrapper.application; includeInIndex = 0; path = SoundGenerator_forMF.app; sourceTree = BUILT_PRODUCTS_DIR; };
		FB1FE2E51AA4952700B24BC3 /* Info.plist */ = {isa = PBXFileReference; lastKnownFileType = text.plist.xml; path = Info.plist; sourceTree = "<group>"; };
		FB1FE2E61AA4952700B24BC3 /* AppDelegate.swift */ = {isa = PBXFileReference; lastKnownFileType = sourcecode.swift; path = AppDelegate.swift; sourceTree = "<group>"; };
		FB1FE2E81AA4952700B24BC3 /* ViewController.swift */ = {isa = PBXFileReference; lastKnownFileType = sourcecode.swift; path = ViewController.swift; sourceTree = "<group>"; };
		FB1FE2EB1AA4952700B24BC3 /* Base */ = {isa = PBXFileReference; lastKnownFileType = file.storyboard; name = Base; path = Base.lproj/Main.storyboard; sourceTree = "<group>"; };
		FB1FE2ED1AA4952700B24BC3 /* Images.xcassets */ = {isa = PBXFileReference; lastKnownFileType = folder.assetcatalog; path = Images.xcassets; sourceTree = "<group>"; };
		FB1FE2F01AA4952700B24BC3 /* Base */ = {isa = PBXFileReference; lastKnownFileType = file.xib; name = Base; path = Base.lproj/LaunchScreen.xib; sourceTree = "<group>"; };
		FB1FE2F61AA4952700B24BC3 /* SoundGenerator_forMFTests.xctest */ = {isa = PBXFileReference; explicitFileType = wrapper.cfbundle; includeInIndex = 0; path = SoundGenerator_forMFTests.xctest; sourceTree = BUILT_PRODUCTS_DIR; };
		FB1FE2FB1AA4952700B24BC3 /* Info.plist */ = {isa = PBXFileReference; lastKnownFileType = text.plist.xml; path = Info.plist; sourceTree = "<group>"; };
		FB1FE2FC1AA4952700B24BC3 /* SoundGenerator_forMFTests.swift */ = {isa = PBXFileReference; lastKnownFileType = sourcecode.swift; path = SoundGenerator_forMFTests.swift; sourceTree = "<group>"; };
		FB1FE3571AAB558D00B24BC3 /* SoundGenerator_forMF-Bridging-Header.h */ = {isa = PBXFileReference; fileEncoding = 4; lastKnownFileType = sourcecode.c.h; path = "SoundGenerator_forMF-Bridging-Header.h"; sourceTree = "<group>"; };
		FB1FE3581AABCE4D00B24BC3 /* SoundController.swift */ = {isa = PBXFileReference; fileEncoding = 4; lastKnownFileType = sourcecode.swift; path = SoundController.swift; sourceTree = "<group>"; };
		FB53E71F1D44891E00763070 /* AudioOutput.mm */ = {isa = PBXFileReference; fileEncoding = 4; lastKnownFileType = sourcecode.cpp.objcpp; name = AudioOutput.mm; path = ../../../Dropbox/ManagedSoftware/Musical_Sound_Generator_Framework/AudioOutput.mm; sourceTree = "<group>"; };
		FB53E7201D44891E00763070 /* AudioOutput.h */ = {isa = PBXFileReference; fileEncoding = 4; lastKnownFileType = sourcecode.c.h; name = AudioOutput.h; path = ../../../Dropbox/ManagedSoftware/Musical_Sound_Generator_Framework/AudioOutput.h; sourceTree = "<group>"; };
		FB53E7231D44893700763070 /* mf_instrument.cpp */ = {isa = PBXFileReference; fileEncoding = 4; lastKnownFileType = sourcecode.cpp.cpp; path = mf_instrument.cpp; sourceTree = "<group>"; };
		FB53E7241D44893700763070 /* mf_instrument.h */ = {isa = PBXFileReference; fileEncoding = 4; lastKnownFileType = sourcecode.c.h; path = mf_instrument.h; sourceTree = "<group>"; };
		FB53E7251D44893700763070 /* mf_note.cpp */ = {isa = PBXFileReference; fileEncoding = 4; lastKnownFileType = sourcecode.cpp.cpp; path = mf_note.cpp; sourceTree = "<group>"; };
		FB53E7261D44893700763070 /* mf_note.h */ = {isa = PBXFileReference; fileEncoding = 4; lastKnownFileType = sourcecode.c.h; path = mf_note.h; sourceTree = "<group>"; };
		FB53E7271D44893700763070 /* mf_voice_context.cpp */ = {isa = PBXFileReference; fileEncoding = 4; lastKnownFileType = sourcecode.cpp.cpp; path = mf_voice_context.cpp; sourceTree = "<group>"; };
		FB53E7281D44893700763070 /* mf_voice_context.h */ = {isa = PBXFileReference; fileEncoding = 4; lastKnownFileType = sourcecode.c.h; path = mf_voice_context.h; sourceTree = "<group>"; };
		FB53E7291D44893700763070 /* msgf_configuration.cpp */ = {isa = PBXFileReference; fileEncoding = 4; lastKnownFileType = sourcecode.cpp.cpp; path = msgf_configuration.cpp; sourceTree = "<group>"; };
		FB53E72A1D44893700763070 /* msgf_configuration.h */ = {isa = PBXFileReference; fileEncoding = 4; lastKnownFileType = sourcecode.c.h; path = msgf_configuration.h; sourceTree = "<group>"; };
		FB53E7301D44896500763070 /* msgf_amp2seg.cpp */ = {isa = PBXFileReference; fileEncoding = 4; lastKnownFileType = sourcecode.cpp.cpp; path = msgf_amp2seg.cpp; sourceTree = "<group>"; };
		FB53E7311D44896500763070 /* msgf_amp2seg.h */ = {isa = PBXFileReference; fileEncoding = 4; lastKnownFileType = sourcecode.c.h; path = msgf_amp2seg.h; sourceTree = "<group>"; };
		FB53E7321D44896500763070 /* msgf_amp4seg.cpp */ = {isa = PBXFileReference; fileEncoding = 4; lastKnownFileType = sourcecode.cpp.cpp; path = msgf_amp4seg.cpp; sourceTree = "<group>"; };
		FB53E7331D44896500763070 /* msgf_amp4seg.h */ = {isa = PBXFileReference; fileEncoding = 4; lastKnownFileType = sourcecode.c.h; path = msgf_amp4seg.h; sourceTree = "<group>"; };
		FB53E7341D44896500763070 /* msgf_amp_pipe.cpp */ = {isa = PBXFileReference; fileEncoding = 4; lastKnownFileType = sourcecode.cpp.cpp; path = msgf_amp_pipe.cpp; sourceTree = "<group>"; };
		FB53E7351D44896500763070 /* msgf_amp_pipe.h */ = {isa = PBXFileReference; fileEncoding = 4; lastKnownFileType = sourcecode.c.h; path = msgf_amp_pipe.h; sourceTree = "<group>"; };
		FB53E7361D44896500763070 /* msgf_iirfilter.cpp */ = {isa = PBXFileReference; fileEncoding = 4; lastKnownFileType = sourcecode.cpp.cpp; path = msgf_iirfilter.cpp; sourceTree = "<group>"; };
		FB53E7371D44896500763070 /* msgf_iirfilter.h */ = {isa = PBXFileReference; fileEncoding = 4; lastKnownFileType = sourcecode.c.h; path = msgf_iirfilter.h; sourceTree = "<group>"; };
		FB53E7381D44896500763070 /* msgf_osc_mono.cpp */ = {isa = PBXFileReference; fileEncoding = 4; lastKnownFileType = sourcecode.cpp.cpp; path = msgf_osc_mono.cpp; sourceTree = "<group>"; };
		FB53E7391D44896500763070 /* msgf_osc_mono.h */ = {isa = PBXFileReference; fileEncoding = 4; lastKnownFileType = sourcecode.c.h; path = msgf_osc_mono.h; sourceTree = "<group>"; };
		FB53E73A1D44896500763070 /* msgf_osc_pipe.cpp */ = {isa = PBXFileReference; fileEncoding = 4; lastKnownFileType = sourcecode.cpp.cpp; path = msgf_osc_pipe.cpp; sourceTree = "<group>"; };
		FB53E73B1D44896500763070 /* msgf_osc_pipe.h */ = {isa = PBXFileReference; fileEncoding = 4; lastKnownFileType = sourcecode.c.h; path = msgf_osc_pipe.h; sourceTree = "<group>"; };
		FB53E73C1D44896500763070 /* msgf_osc_synth.cpp */ = {isa = PBXFileReference; fileEncoding = 4; lastKnownFileType = sourcecode.cpp.cpp; path = msgf_osc_synth.cpp; sourceTree = "<group>"; };
		FB53E73D1D44896500763070 /* msgf_osc_synth.h */ = {isa = PBXFileReference; fileEncoding = 4; lastKnownFileType = sourcecode.c.h; path = msgf_osc_synth.h; sourceTree = "<group>"; };
		FB53E73E1D44896500763070 /* msgf_osc_tmpr.cpp */ = {isa = PBXFileReference; fileEncoding = 4; lastKnownFileType = sourcecode.cpp.cpp; path = msgf_osc_tmpr.cpp; sourceTree = "<group>"; };
		FB53E73F1D44896500763070 /* msgf_osc_tmpr.h */ = {isa = PBXFileReference; fileEncoding = 4; lastKnownFileType = sourcecode.c.h; path = msgf_osc_tmpr.h; sourceTree = "<group>"; };
		FB53E7411D44896500763070 /* msgf_audio_buffer.cpp */ = {isa = PBXFileReference; fileEncoding = 4; lastKnownFileType = sourcecode.cpp.cpp; path = msgf_audio_buffer.cpp; sourceTree = "<group>"; };
		FB53E7421D44896500763070 /* msgf_audio_buffer.h */ = {isa = PBXFileReference; fileEncoding = 4; lastKnownFileType = sourcecode.c.h; path = msgf_audio_buffer.h; sourceTree = "<group>"; };
		FB53E7431D44896500763070 /* msgf_eg.cpp */ = {isa = PBXFileReference; fileEncoding = 4; lastKnownFileType = sourcecode.cpp.cpp; path = msgf_eg.cpp; sourceTree = "<group>"; };
		FB53E7441D44896500763070 /* msgf_eg.h */ = {isa = PBXFileReference; fileEncoding = 4; lastKnownFileType = sourcecode.c.h; path = msgf_eg.h; sourceTree = "<group>"; };
		FB53E7451D44896500763070 /* msgf_eg2seg.cpp */ = {isa = PBXFileReference; fileEncoding = 4; lastKnownFileType = sourcecode.cpp.cpp; path = msgf_eg2seg.cpp; sourceTree = "<group>"; };
		FB53E7461D44896500763070 /* msgf_eg2seg.h */ = {isa = PBXFileReference; fileEncoding = 4; lastKnownFileType = sourcecode.c.h; path = msgf_eg2seg.h; sourceTree = "<group>"; };
		FB53E7471D44896500763070 /* msgf_eg4seg.cpp */ = {isa = PBXFileReference; fileEncoding = 4; lastKnownFileType = sourcecode.cpp.cpp; path = msgf_eg4seg.cpp; sourceTree = "<group>"; };
		FB53E7481D44896500763070 /* msgf_eg4seg.h */ = {isa = PBXFileReference; fileEncoding = 4; lastKnownFileType = sourcecode.c.h; path = msgf_eg4seg.h; sourceTree = "<group>"; };
		FB53E7491D44896500763070 /* msgf_event_info.cpp */ = {isa = PBXFileReference; fileEncoding = 4; lastKnownFileType = sourcecode.cpp.cpp; path = msgf_event_info.cpp; sourceTree = "<group>"; };
		FB53E74A1D44896500763070 /* msgf_event_info.h */ = {isa = PBXFileReference; fileEncoding = 4; lastKnownFileType = sourcecode.c.h; path = msgf_event_info.h; sourceTree = "<group>"; };
		FB53E74B1D44896500763070 /* msgf_if.cpp */ = {isa = PBXFileReference; fileEncoding = 4; lastKnownFileType = sourcecode.cpp.cpp; path = msgf_if.cpp; sourceTree = "<group>"; };
		FB53E74C1D44896500763070 /* msgf_if.h */ = {isa = PBXFileReference; fileEncoding = 4; lastKnownFileType = sourcecode.c.h; path = msgf_if.h; sourceTree = "<group>"; };
		FB53E74D1D44896500763070 /* msgf_instrument.cpp */ = {isa = PBXFileReference; fileEncoding = 4; lastKnownFileType = sourcecode.cpp.cpp; path = msgf_instrument.cpp; sourceTree = "<group>"; };
		FB53E74E1D44896500763070 /* msgf_instrument.h */ = {isa = PBXFileReference; fileEncoding = 4; lastKnownFileType = sourcecode.c.h; path = msgf_instrument.h; sourceTree = "<group>"; };
		FB53E74F1D44896500763070 /* msgf_instrument_for_check.cpp */ = {isa = PBXFileReference; fileEncoding = 4; lastKnownFileType = sourcecode.cpp.cpp; path = msgf_instrument_for_check.cpp; sourceTree = "<group>"; };
		FB53E7501D44896500763070 /* msgf_instrument_for_check.h */ = {isa = PBXFileReference; fileEncoding = 4; lastKnownFileType = sourcecode.c.h; path = msgf_instrument_for_check.h; sourceTree = "<group>"; };
		FB53E7511D44896500763070 /* msgf_level_check.cpp */ = {isa = PBXFileReference; fileEncoding = 4; lastKnownFileType = sourcecode.cpp.cpp; path = msgf_level_check.cpp; sourceTree = "<group>"; };
		FB53E7521D44896500763070 /* msgf_level_check.h */ = {isa = PBXFileReference; fileEncoding = 4; lastKnownFileType = sourcecode.c.h; path = msgf_level_check.h; sourceTree = "<group>"; };
		FB53E7531D44896500763070 /* msgf_lfo.cpp */ = {isa = PBXFileReference; fileEncoding = 4; lastKnownFileType = sourcecode.cpp.cpp; path = msgf_lfo.cpp; sourceTree = "<group>"; };
		FB53E7541D44896500763070 /* msgf_lfo.h */ = {isa = PBXFileReference; fileEncoding = 4; lastKnownFileType = sourcecode.c.h; path = msgf_lfo.h; sourceTree = "<group>"; };
		FB53E7551D44896500763070 /* msgf_note.cpp */ = {isa = PBXFileReference; fileEncoding = 4; lastKnownFileType = sourcecode.cpp.cpp; path = msgf_note.cpp; sourceTree = "<group>"; };
		FB53E7561D44896500763070 /* msgf_note.h */ = {isa = PBXFileReference; fileEncoding = 4; lastKnownFileType = sourcecode.c.h; path = msgf_note.h; sourceTree = "<group>"; };
		FB53E7571D44896500763070 /* msgf_part.cpp */ = {isa = PBXFileReference; fileEncoding = 4; lastKnownFileType = sourcecode.cpp.cpp; path = msgf_part.cpp; sourceTree = "<group>"; };
		FB53E7581D44896500763070 /* msgf_part.h */ = {isa = PBXFileReference; fileEncoding = 4; lastKnownFileType = sourcecode.c.h; path = msgf_part.h; sourceTree = "<group>"; };
		FB53E7591D44896500763070 /* msgf_signal_process_core.h */ = {isa = PBXFileReference; fileEncoding = 4; lastKnownFileType = sourcecode.c.h; path = msgf_signal_process_core.h; sourceTree = "<group>"; };
		FB53E75A1D44896500763070 /* msgf_type.h */ = {isa = PBXFileReference; fileEncoding = 4; lastKnownFileType = sourcecode.c.h; path = msgf_type.h; sourceTree = "<group>"; };
		FB53E75B1D44896500763070 /* msgf_voice_context.cpp */ = {isa = PBXFileReference; fileEncoding = 4; lastKnownFileType = sourcecode.cpp.cpp; path = msgf_voice_context.cpp; sourceTree = "<group>"; };
		FB53E75C1D44896500763070 /* msgf_voice_context.h */ = {isa = PBXFileReference; fileEncoding = 4; lastKnownFileType = sourcecode.c.h; path = msgf_voice_context.h; sourceTree = "<group>"; };
		FB53E7731D4489AD00763070 /* MIDIDriver.h */ = {isa = PBXFileReference; fileEncoding = 4; lastKnownFileType = sourcecode.c.h; path = MIDIDriver.h; sourceTree = "<group>"; };
		FB53E7741D4489AD00763070 /* MIDIDriver.m */ = {isa = PBXFileReference; fileEncoding = 4; lastKnownFileType = sourcecode.c.objc; path = MIDIDriver.m; sourceTree = "<group>"; };
		FB53E7751D4489AD00763070 /* MIDIParser.h */ = {isa = PBXFileReference; fileEncoding = 4; lastKnownFileType = sourcecode.c.h; path = MIDIParser.h; sourceTree = "<group>"; };
		FB53E7761D4489AD00763070 /* MIDIParser.m */ = {isa = PBXFileReference; fileEncoding = 4; lastKnownFileType = sourcecode.c.objc; path = MIDIParser.m; sourceTree = "<group>"; };
		FB53E7771D4489AD00763070 /* MIDIWork.h */ = {isa = PBXFileReference; fileEncoding = 4; lastKnownFileType = sourcecode.c.h; path = MIDIWork.h; sourceTree = "<group>"; };
		FB53E7781D4489AD00763070 /* MIDIWork.m */ = {isa = PBXFileReference; fileEncoding = 4; lastKnownFileType = sourcecode.c.objc; path = MIDIWork.m; sourceTree = "<group>"; };
		FB9330BB1B25E06C00B5B6CC /* HSBSheetmusic.swift */ = {isa = PBXFileReference; fileEncoding = 4; lastKnownFileType = sourcecode.swift; name = HSBSheetmusic.swift; path = ../../Temperament/Temperament/HSBSheetmusic.swift; sourceTree = "<group>"; };
		FB9330BD1B25E0A000B5B6CC /* HSBSmNote.swift */ = {isa = PBXFileReference; fileEncoding = 4; lastKnownFileType = sourcecode.swift; name = HSBSmNote.swift; path = ../../Temperament/Temperament/HSBSmNote.swift; sourceTree = "<group>"; };
		FB9330BF1B25E29500B5B6CC /* HSBScrollViewWithTouch.swift */ = {isa = PBXFileReference; fileEncoding = 4; lastKnownFileType = sourcecode.swift; name = HSBScrollViewWithTouch.swift; path = ../../Temperament/Temperament/HSBScrollViewWithTouch.swift; sourceTree = "<group>"; };
		FBF5D3E11ABB1DA30037EB5B /* sample.m */ = {isa = PBXFileReference; fileEncoding = 4; lastKnownFileType = sourcecode.c.objc; name = sample.m; path = ../../../AppDevelopment/KigakudohSoundGenerator/SoundGenerator_forMF/sample.m; sourceTree = "<group>"; };
		FBF5D3E31ABB1DF00037EB5B /* sample.h */ = {isa = PBXFileReference; lastKnownFileType = sourcecode.c.h; name = sample.h; path = ../../../AppDevelopment/KigakudohSoundGenerator/SoundGenerator_forMF/sample.h; sourceTree = "<group>"; };
/* End PBXFileReference section */

/* Begin PBXFrameworksBuildPhase section */
		FB1FE2DE1AA4952700B24BC3 /* Frameworks */ = {
			isa = PBXFrameworksBuildPhase;
			buildActionMask = 2147483647;
			files = (
			);
			runOnlyForDeploymentPostprocessing = 0;
		};
		FB1FE2F31AA4952700B24BC3 /* Frameworks */ = {
			isa = PBXFrameworksBuildPhase;
			buildActionMask = 2147483647;
			files = (
			);
			runOnlyForDeploymentPostprocessing = 0;
		};
/* End PBXFrameworksBuildPhase section */

/* Begin PBXGroup section */
		FB1FE2D81AA4952700B24BC3 = {
			isa = PBXGroup;
			children = (
				FB1FE2E31AA4952700B24BC3 /* SoundGenerator_forMF */,
				FB1FE2F91AA4952700B24BC3 /* SoundGenerator_forMFTests */,
				FB1FE2E21AA4952700B24BC3 /* Products */,
			);
			sourceTree = "<group>";
		};
		FB1FE2E21AA4952700B24BC3 /* Products */ = {
			isa = PBXGroup;
			children = (
				FB1FE2E11AA4952700B24BC3 /* SoundGenerator_forMF.app */,
				FB1FE2F61AA4952700B24BC3 /* SoundGenerator_forMFTests.xctest */,
			);
			name = Products;
			sourceTree = "<group>";
		};
		FB1FE2E31AA4952700B24BC3 /* SoundGenerator_forMF */ = {
			isa = PBXGroup;
			children = (
				FB53E7721D4489AD00763070 /* MIDI Driver */,
				FB1FE3061AAAA79F00B24BC3 /* MSGF */,
				FB9330BF1B25E29500B5B6CC /* HSBScrollViewWithTouch.swift */,
				FB9330BB1B25E06C00B5B6CC /* HSBSheetmusic.swift */,
				FB9330BD1B25E0A000B5B6CC /* HSBSmNote.swift */,
				FB1FE3571AAB558D00B24BC3 /* SoundGenerator_forMF-Bridging-Header.h */,
				FB1FE2E61AA4952700B24BC3 /* AppDelegate.swift */,
				FB1FE2E81AA4952700B24BC3 /* ViewController.swift */,
				FB1FE3581AABCE4D00B24BC3 /* SoundController.swift */,
				FB1FE2EA1AA4952700B24BC3 /* Main.storyboard */,
				FB1FE2ED1AA4952700B24BC3 /* Images.xcassets */,
				FB1FE2EF1AA4952700B24BC3 /* LaunchScreen.xib */,
				FB1FE2E41AA4952700B24BC3 /* Supporting Files */,
			);
			path = SoundGenerator_forMF;
			sourceTree = "<group>";
		};
		FB1FE2E41AA4952700B24BC3 /* Supporting Files */ = {
			isa = PBXGroup;
			children = (
				FB1FE2E51AA4952700B24BC3 /* Info.plist */,
			);
			name = "Supporting Files";
			sourceTree = "<group>";
		};
		FB1FE2F91AA4952700B24BC3 /* SoundGenerator_forMFTests */ = {
			isa = PBXGroup;
			children = (
				FB1FE2FC1AA4952700B24BC3 /* SoundGenerator_forMFTests.swift */,
				FB1FE2FA1AA4952700B24BC3 /* Supporting Files */,
			);
			path = SoundGenerator_forMFTests;
			sourceTree = "<group>";
		};
		FB1FE2FA1AA4952700B24BC3 /* Supporting Files */ = {
			isa = PBXGroup;
			children = (
				FB1FE2FB1AA4952700B24BC3 /* Info.plist */,
			);
			name = "Supporting Files";
			sourceTree = "<group>";
		};
		FB1FE3061AAAA79F00B24BC3 /* MSGF */ = {
			isa = PBXGroup;
			children = (
				FB53E72F1D44896500763070 /* audio_engine */,
				FB53E7401D44896500763070 /* msgf_general */,
				FB53E7221D44893700763070 /* magic_flute */,
				FB53E71F1D44891E00763070 /* AudioOutput.mm */,
				FB53E7201D44891E00763070 /* AudioOutput.h */,
			);
			name = MSGF;
			sourceTree = "<group>";
		};
		FB53E7221D44893700763070 /* magic_flute */ = {
			isa = PBXGroup;
			children = (
				FB53E7231D44893700763070 /* mf_instrument.cpp */,
				FB53E7241D44893700763070 /* mf_instrument.h */,
				FB53E7251D44893700763070 /* mf_note.cpp */,
				FB53E7261D44893700763070 /* mf_note.h */,
				FB53E7271D44893700763070 /* mf_voice_context.cpp */,
				FB53E7281D44893700763070 /* mf_voice_context.h */,
				FB53E7291D44893700763070 /* msgf_configuration.cpp */,
				FB53E72A1D44893700763070 /* msgf_configuration.h */,
			);
			name = magic_flute;
			path = ../../../Dropbox/ManagedSoftware/Musical_Sound_Generator_Framework/magic_flute;
			sourceTree = "<group>";
		};
		FB53E72F1D44896500763070 /* audio_engine */ = {
			isa = PBXGroup;
			children = (
				FB53E7301D44896500763070 /* msgf_amp2seg.cpp */,
				FB53E7311D44896500763070 /* msgf_amp2seg.h */,
				FB53E7321D44896500763070 /* msgf_amp4seg.cpp */,
				FB53E7331D44896500763070 /* msgf_amp4seg.h */,
				FB53E7341D44896500763070 /* msgf_amp_pipe.cpp */,
				FB53E7351D44896500763070 /* msgf_amp_pipe.h */,
				FB53E7361D44896500763070 /* msgf_iirfilter.cpp */,
				FB53E7371D44896500763070 /* msgf_iirfilter.h */,
				FB53E7381D44896500763070 /* msgf_osc_mono.cpp */,
				FB53E7391D44896500763070 /* msgf_osc_mono.h */,
				FB53E73A1D44896500763070 /* msgf_osc_pipe.cpp */,
				FB53E73B1D44896500763070 /* msgf_osc_pipe.h */,
				FB53E73C1D44896500763070 /* msgf_osc_synth.cpp */,
				FB53E73D1D44896500763070 /* msgf_osc_synth.h */,
				FB53E73E1D44896500763070 /* msgf_osc_tmpr.cpp */,
				FB53E73F1D44896500763070 /* msgf_osc_tmpr.h */,
			);
			name = audio_engine;
			path = ../../../Dropbox/ManagedSoftware/Musical_Sound_Generator_Framework/audio_engine;
			sourceTree = "<group>";
		};
		FB53E7401D44896500763070 /* msgf_general */ = {
			isa = PBXGroup;
			children = (
				FB53E7411D44896500763070 /* msgf_audio_buffer.cpp */,
				FB53E7421D44896500763070 /* msgf_audio_buffer.h */,
				FB53E7431D44896500763070 /* msgf_eg.cpp */,
				FB53E7441D44896500763070 /* msgf_eg.h */,
				FB53E7451D44896500763070 /* msgf_eg2seg.cpp */,
				FB53E7461D44896500763070 /* msgf_eg2seg.h */,
				FB53E7471D44896500763070 /* msgf_eg4seg.cpp */,
				FB53E7481D44896500763070 /* msgf_eg4seg.h */,
				FB53E7491D44896500763070 /* msgf_event_info.cpp */,
				FB53E74A1D44896500763070 /* msgf_event_info.h */,
				FB53E74B1D44896500763070 /* msgf_if.cpp */,
				FB53E74C1D44896500763070 /* msgf_if.h */,
				FB53E74D1D44896500763070 /* msgf_instrument.cpp */,
				FB53E74E1D44896500763070 /* msgf_instrument.h */,
				FB53E74F1D44896500763070 /* msgf_instrument_for_check.cpp */,
				FB53E7501D44896500763070 /* msgf_instrument_for_check.h */,
				FB53E7511D44896500763070 /* msgf_level_check.cpp */,
				FB53E7521D44896500763070 /* msgf_level_check.h */,
				FB53E7531D44896500763070 /* msgf_lfo.cpp */,
				FB53E7541D44896500763070 /* msgf_lfo.h */,
				FB53E7551D44896500763070 /* msgf_note.cpp */,
				FB53E7561D44896500763070 /* msgf_note.h */,
				FB53E7571D44896500763070 /* msgf_part.cpp */,
				FB53E7581D44896500763070 /* msgf_part.h */,
				FB53E7591D44896500763070 /* msgf_signal_process_core.h */,
				FB53E75A1D44896500763070 /* msgf_type.h */,
				FB53E75B1D44896500763070 /* msgf_voice_context.cpp */,
				FB53E75C1D44896500763070 /* msgf_voice_context.h */,
			);
			name = msgf_general;
			path = ../../../Dropbox/ManagedSoftware/Musical_Sound_Generator_Framework/msgf_general;
			sourceTree = "<group>";
		};
		FB53E7721D4489AD00763070 /* MIDI Driver */ = {
			isa = PBXGroup;
			children = (
				FBF5D3E11ABB1DA30037EB5B /* sample.m */,
				FBF5D3E31ABB1DF00037EB5B /* sample.h */,
				FB53E7731D4489AD00763070 /* MIDIDriver.h */,
				FB53E7741D4489AD00763070 /* MIDIDriver.m */,
				FB53E7751D4489AD00763070 /* MIDIParser.h */,
				FB53E7761D4489AD00763070 /* MIDIParser.m */,
				FB53E7771D4489AD00763070 /* MIDIWork.h */,
				FB53E7781D4489AD00763070 /* MIDIWork.m */,
			);
			name = "MIDI Driver";
			path = "../../../Dropbox/ManagedSoftware/MIDI Driver";
			sourceTree = "<group>";
		};
/* End PBXGroup section */

/* Begin PBXNativeTarget section */
		FB1FE2E01AA4952700B24BC3 /* SoundGenerator_forMF */ = {
			isa = PBXNativeTarget;
			buildConfigurationList = FB1FE3001AA4952700B24BC3 /* Build configuration list for PBXNativeTarget "SoundGenerator_forMF" */;
			buildPhases = (
				FB1FE2DD1AA4952700B24BC3 /* Sources */,
				FB1FE2DE1AA4952700B24BC3 /* Frameworks */,
				FB1FE2DF1AA4952700B24BC3 /* Resources */,
			);
			buildRules = (
			);
			dependencies = (
			);
			name = SoundGenerator_forMF;
			productName = SoundGenerator_forMF;
			productReference = FB1FE2E11AA4952700B24BC3 /* SoundGenerator_forMF.app */;
			productType = "com.apple.product-type.application";
		};
		FB1FE2F51AA4952700B24BC3 /* SoundGenerator_forMFTests */ = {
			isa = PBXNativeTarget;
			buildConfigurationList = FB1FE3031AA4952700B24BC3 /* Build configuration list for PBXNativeTarget "SoundGenerator_forMFTests" */;
			buildPhases = (
				FB1FE2F21AA4952700B24BC3 /* Sources */,
				FB1FE2F31AA4952700B24BC3 /* Frameworks */,
				FB1FE2F41AA4952700B24BC3 /* Resources */,
			);
			buildRules = (
			);
			dependencies = (
				FB1FE2F81AA4952700B24BC3 /* PBXTargetDependency */,
			);
			name = SoundGenerator_forMFTests;
			productName = SoundGenerator_forMFTests;
			productReference = FB1FE2F61AA4952700B24BC3 /* SoundGenerator_forMFTests.xctest */;
			productType = "com.apple.product-type.bundle.unit-test";
		};
/* End PBXNativeTarget section */

/* Begin PBXProject section */
		FB1FE2D91AA4952700B24BC3 /* Project object */ = {
			isa = PBXProject;
			attributes = {
				LastSwiftMigration = 0700;
				LastSwiftUpdateCheck = 0700;
				LastUpgradeCheck = 0700;
				ORGANIZATIONNAME = "長谷部 雅彦";
				TargetAttributes = {
					FB1FE2E01AA4952700B24BC3 = {
						CreatedOnToolsVersion = 6.1.1;
						DevelopmentTeam = DC44SJTXP7;
					};
					FB1FE2F51AA4952700B24BC3 = {
						CreatedOnToolsVersion = 6.1.1;
						TestTargetID = FB1FE2E01AA4952700B24BC3;
					};
				};
			};
			buildConfigurationList = FB1FE2DC1AA4952700B24BC3 /* Build configuration list for PBXProject "SoundGenerator_forMF" */;
			compatibilityVersion = "Xcode 3.2";
			developmentRegion = English;
			hasScannedForEncodings = 0;
			knownRegions = (
				en,
				Base,
			);
			mainGroup = FB1FE2D81AA4952700B24BC3;
			productRefGroup = FB1FE2E21AA4952700B24BC3 /* Products */;
			projectDirPath = "";
			projectRoot = "";
			targets = (
				FB1FE2E01AA4952700B24BC3 /* SoundGenerator_forMF */,
				FB1FE2F51AA4952700B24BC3 /* SoundGenerator_forMFTests */,
			);
		};
/* End PBXProject section */

/* Begin PBXResourcesBuildPhase section */
		FB1FE2DF1AA4952700B24BC3 /* Resources */ = {
			isa = PBXResourcesBuildPhase;
			buildActionMask = 2147483647;
			files = (
				FB1FE2EC1AA4952700B24BC3 /* Main.storyboard in Resources */,
				FB1FE2F11AA4952700B24BC3 /* LaunchScreen.xib in Resources */,
				FB1FE2EE1AA4952700B24BC3 /* Images.xcassets in Resources */,
			);
			runOnlyForDeploymentPostprocessing = 0;
		};
		FB1FE2F41AA4952700B24BC3 /* Resources */ = {
			isa = PBXResourcesBuildPhase;
			buildActionMask = 2147483647;
			files = (
			);
			runOnlyForDeploymentPostprocessing = 0;
		};
/* End PBXResourcesBuildPhase section */

/* Begin PBXSourcesBuildPhase section */
		FB1FE2DD1AA4952700B24BC3 /* Sources */ = {
			isa = PBXSourcesBuildPhase;
			buildActionMask = 2147483647;
			files = (
				FB53E7711D44896500763070 /* msgf_voice_context.cpp in Sources */,
				FB53E7701D44896500763070 /* msgf_part.cpp in Sources */,
				FB1FE2E91AA4952700B24BC3 /* ViewController.swift in Sources */,
				FB1FE2E71AA4952700B24BC3 /* AppDelegate.swift in Sources */,
				FB53E76C1D44896500763070 /* msgf_instrument_for_check.cpp in Sources */,
				FB53E76F1D44896500763070 /* msgf_note.cpp in Sources */,
				FB53E7641D44896500763070 /* msgf_osc_tmpr.cpp in Sources */,
				FB53E72D1D44893700763070 /* mf_voice_context.cpp in Sources */,
				FB53E7601D44896500763070 /* msgf_iirfilter.cpp in Sources */,
				FB53E76D1D44896500763070 /* msgf_level_check.cpp in Sources */,
				FB53E77A1D4489AD00763070 /* MIDIParser.m in Sources */,
				FB53E75D1D44896500763070 /* msgf_amp2seg.cpp in Sources */,
				FB53E7631D44896500763070 /* msgf_osc_synth.cpp in Sources */,
				FB53E7691D44896500763070 /* msgf_event_info.cpp in Sources */,
				FB53E72E1D44893700763070 /* msgf_configuration.cpp in Sources */,
				FB53E7791D4489AD00763070 /* MIDIDriver.m in Sources */,
				FB53E7671D44896500763070 /* msgf_eg2seg.cpp in Sources */,
				FB53E7681D44896500763070 /* msgf_eg4seg.cpp in Sources */,
				FB9330C01B25E29500B5B6CC /* HSBScrollViewWithTouch.swift in Sources */,
				FB53E72C1D44893700763070 /* mf_note.cpp in Sources */,
				FB53E76E1D44896500763070 /* msgf_lfo.cpp in Sources */,
				FB53E75E1D44896500763070 /* msgf_amp4seg.cpp in Sources */,
				FB53E7211D44891E00763070 /* AudioOutput.mm in Sources */,
				FB53E77B1D4489AD00763070 /* MIDIWork.m in Sources */,
				FB53E7661D44896500763070 /* msgf_eg.cpp in Sources */,
				FB53E7651D44896500763070 /* msgf_audio_buffer.cpp in Sources */,
				FB9330BC1B25E06C00B5B6CC /* HSBSheetmusic.swift in Sources */,
				FB53E7611D44896500763070 /* msgf_osc_mono.cpp in Sources */,
				FB53E76A1D44896500763070 /* msgf_if.cpp in Sources */,
				FB53E76B1D44896500763070 /* msgf_instrument.cpp in Sources */,
				FB53E7621D44896500763070 /* msgf_osc_pipe.cpp in Sources */,
				FB1FE3591AABCE4D00B24BC3 /* SoundController.swift in Sources */,
				FB53E72B1D44893700763070 /* mf_instrument.cpp in Sources */,
				FB9330BE1B25E0A000B5B6CC /* HSBSmNote.swift in Sources */,
				FB53E75F1D44896500763070 /* msgf_amp_pipe.cpp in Sources */,
			);
			runOnlyForDeploymentPostprocessing = 0;
		};
		FB1FE2F21AA4952700B24BC3 /* Sources */ = {
			isa = PBXSourcesBuildPhase;
			buildActionMask = 2147483647;
			files = (
				FB1FE2FD1AA4952700B24BC3 /* SoundGenerator_forMFTests.swift in Sources */,
			);
			runOnlyForDeploymentPostprocessing = 0;
		};
/* End PBXSourcesBuildPhase section */

/* Begin PBXTargetDependency section */
		FB1FE2F81AA4952700B24BC3 /* PBXTargetDependency */ = {
			isa = PBXTargetDependency;
			target = FB1FE2E01AA4952700B24BC3 /* SoundGenerator_forMF */;
			targetProxy = FB1FE2F71AA4952700B24BC3 /* PBXContainerItemProxy */;
		};
/* End PBXTargetDependency section */

/* Begin PBXVariantGroup section */
		FB1FE2EA1AA4952700B24BC3 /* Main.storyboard */ = {
			isa = PBXVariantGroup;
			children = (
				FB1FE2EB1AA4952700B24BC3 /* Base */,
			);
			name = Main.storyboard;
			sourceTree = "<group>";
		};
		FB1FE2EF1AA4952700B24BC3 /* LaunchScreen.xib */ = {
			isa = PBXVariantGroup;
			children = (
				FB1FE2F01AA4952700B24BC3 /* Base */,
			);
			name = LaunchScreen.xib;
			sourceTree = "<group>";
		};
/* End PBXVariantGroup section */

/* Begin XCBuildConfiguration section */
		FB1FE2FE1AA4952700B24BC3 /* Debug */ = {
			isa = XCBuildConfiguration;
			buildSettings = {
				ALWAYS_SEARCH_USER_PATHS = NO;
				CLANG_CXX_LANGUAGE_STANDARD = "gnu++0x";
				CLANG_CXX_LIBRARY = "libc++";
				CLANG_ENABLE_MODULES = YES;
				CLANG_ENABLE_OBJC_ARC = YES;
				CLANG_WARN_BOOL_CONVERSION = YES;
				CLANG_WARN_CONSTANT_CONVERSION = YES;
				CLANG_WARN_DIRECT_OBJC_ISA_USAGE = YES_ERROR;
				CLANG_WARN_EMPTY_BODY = YES;
				CLANG_WARN_ENUM_CONVERSION = YES;
				CLANG_WARN_INT_CONVERSION = YES;
				CLANG_WARN_OBJC_ROOT_CLASS = YES_ERROR;
				CLANG_WARN_UNREACHABLE_CODE = YES;
				CLANG_WARN__DUPLICATE_METHOD_MATCH = YES;
				"CODE_SIGN_IDENTITY[sdk=iphoneos*]" = "iPhone Developer";
				COPY_PHASE_STRIP = NO;
				ENABLE_STRICT_OBJC_MSGSEND = YES;
				ENABLE_TESTABILITY = YES;
				GCC_C_LANGUAGE_STANDARD = gnu99;
				GCC_DYNAMIC_NO_PIC = NO;
				GCC_OPTIMIZATION_LEVEL = 0;
				GCC_PREPROCESSOR_DEFINITIONS = (
					"DEBUG=1",
					"$(inherited)",
				);
				GCC_SYMBOLS_PRIVATE_EXTERN = NO;
				GCC_WARN_64_TO_32_BIT_CONVERSION = YES;
				GCC_WARN_ABOUT_RETURN_TYPE = YES_ERROR;
				GCC_WARN_UNDECLARED_SELECTOR = YES;
				GCC_WARN_UNINITIALIZED_AUTOS = YES_AGGRESSIVE;
				GCC_WARN_UNUSED_FUNCTION = YES;
				GCC_WARN_UNUSED_VARIABLE = YES;
				IPHONEOS_DEPLOYMENT_TARGET = 8.1;
				MTL_ENABLE_DEBUG_INFO = YES;
				ONLY_ACTIVE_ARCH = YES;
				SDKROOT = iphoneos;
				SWIFT_OBJC_BRIDGING_HEADER = "SoundGenerator_forMF/SoundGenerator_forMF-Bridging-Header.h";
				SWIFT_OPTIMIZATION_LEVEL = "-Onone";
			};
			name = Debug;
		};
		FB1FE2FF1AA4952700B24BC3 /* Release */ = {
			isa = XCBuildConfiguration;
			buildSettings = {
				ALWAYS_SEARCH_USER_PATHS = NO;
				CLANG_CXX_LANGUAGE_STANDARD = "gnu++0x";
				CLANG_CXX_LIBRARY = "libc++";
				CLANG_ENABLE_MODULES = YES;
				CLANG_ENABLE_OBJC_ARC = YES;
				CLANG_WARN_BOOL_CONVERSION = YES;
				CLANG_WARN_CONSTANT_CONVERSION = YES;
				CLANG_WARN_DIRECT_OBJC_ISA_USAGE = YES_ERROR;
				CLANG_WARN_EMPTY_BODY = YES;
				CLANG_WARN_ENUM_CONVERSION = YES;
				CLANG_WARN_INT_CONVERSION = YES;
				CLANG_WARN_OBJC_ROOT_CLASS = YES_ERROR;
				CLANG_WARN_UNREACHABLE_CODE = YES;
				CLANG_WARN__DUPLICATE_METHOD_MATCH = YES;
				"CODE_SIGN_IDENTITY[sdk=iphoneos*]" = "iPhone Developer";
				COPY_PHASE_STRIP = YES;
				ENABLE_NS_ASSERTIONS = NO;
				ENABLE_STRICT_OBJC_MSGSEND = YES;
				GCC_C_LANGUAGE_STANDARD = gnu99;
				GCC_WARN_64_TO_32_BIT_CONVERSION = YES;
				GCC_WARN_ABOUT_RETURN_TYPE = YES_ERROR;
				GCC_WARN_UNDECLARED_SELECTOR = YES;
				GCC_WARN_UNINITIALIZED_AUTOS = YES_AGGRESSIVE;
				GCC_WARN_UNUSED_FUNCTION = YES;
				GCC_WARN_UNUSED_VARIABLE = YES;
				IPHONEOS_DEPLOYMENT_TARGET = 8.1;
				MTL_ENABLE_DEBUG_INFO = NO;
				SDKROOT = iphoneos;
				SWIFT_OBJC_BRIDGING_HEADER = "SoundGenerator_forMF/SoundGenerator_forMF-Bridging-Header.h";
				VALIDATE_PRODUCT = YES;
			};
			name = Release;
		};
		FB1FE3011AA4952700B24BC3 /* Debug */ = {
			isa = XCBuildConfiguration;
			buildSettings = {
				ASSETCATALOG_COMPILER_APPICON_NAME = AppIcon;
				CODE_SIGN_IDENTITY = "iPhone Developer";
				"CODE_SIGN_IDENTITY[sdk=iphoneos*]" = "iPhone Developer";
				INFOPLIST_FILE = SoundGenerator_forMF/Info.plist;
				LD_RUNPATH_SEARCH_PATHS = "$(inherited) @executable_path/Frameworks";
				PRODUCT_BUNDLE_IDENTIFIER = "kigakudoh.$(PRODUCT_NAME:rfc1034identifier)";
				PRODUCT_NAME = "$(TARGET_NAME)";
				PROVISIONING_PROFILE = "";
				TARGETED_DEVICE_FAMILY = 1;
			};
			name = Debug;
		};
		FB1FE3021AA4952700B24BC3 /* Release */ = {
			isa = XCBuildConfiguration;
			buildSettings = {
				ASSETCATALOG_COMPILER_APPICON_NAME = AppIcon;
				CODE_SIGN_IDENTITY = "iPhone Developer";
				"CODE_SIGN_IDENTITY[sdk=iphoneos*]" = "iPhone Developer";
				INFOPLIST_FILE = SoundGenerator_forMF/Info.plist;
				LD_RUNPATH_SEARCH_PATHS = "$(inherited) @executable_path/Frameworks";
				PRODUCT_BUNDLE_IDENTIFIER = "kigakudoh.$(PRODUCT_NAME:rfc1034identifier)";
				PRODUCT_NAME = "$(TARGET_NAME)";
				PROVISIONING_PROFILE = "";
				TARGETED_DEVICE_FAMILY = 1;
			};
			name = Release;
		};
		FB1FE3041AA4952700B24BC3 /* Debug */ = {
			isa = XCBuildConfiguration;
			buildSettings = {
				BUNDLE_LOADER = "$(TEST_HOST)";
				FRAMEWORK_SEARCH_PATHS = (
					"$(SDKROOT)/Developer/Library/Frameworks",
					"$(inherited)",
				);
				GCC_PREPROCESSOR_DEFINITIONS = (
					"DEBUG=1",
					"$(inherited)",
				);
				INFOPLIST_FILE = SoundGenerator_forMFTests/Info.plist;
				LD_RUNPATH_SEARCH_PATHS = "$(inherited) @executable_path/Frameworks @loader_path/Frameworks";
				PRODUCT_BUNDLE_IDENTIFIER = "kigakudoh.$(PRODUCT_NAME:rfc1034identifier)";
				PRODUCT_NAME = "$(TARGET_NAME)";
				TEST_HOST = "$(BUILT_PRODUCTS_DIR)/SoundGenerator_forMF.app/SoundGenerator_forMF";
			};
			name = Debug;
		};
		FB1FE3051AA4952700B24BC3 /* Release */ = {
			isa = XCBuildConfiguration;
			buildSettings = {
				BUNDLE_LOADER = "$(TEST_HOST)";
				FRAMEWORK_SEARCH_PATHS = (
					"$(SDKROOT)/Developer/Library/Frameworks",
					"$(inherited)",
				);
				INFOPLIST_FILE = SoundGenerator_forMFTests/Info.plist;
				LD_RUNPATH_SEARCH_PATHS = "$(inherited) @executable_path/Frameworks @loader_path/Frameworks";
				PRODUCT_BUNDLE_IDENTIFIER = "kigakudoh.$(PRODUCT_NAME:rfc1034identifier)";
				PRODUCT_NAME = "$(TARGET_NAME)";
				TEST_HOST = "$(BUILT_PRODUCTS_DIR)/SoundGenerator_forMF.app/SoundGenerator_forMF";
			};
			name = Release;
		};
/* End XCBuildConfiguration section */

/* Begin XCConfigurationList section */
		FB1FE2DC1AA4952700B24BC3 /* Build configuration list for PBXProject "SoundGenerator_forMF" */ = {
			isa = XCConfigurationList;
			buildConfigurations = (
				FB1FE2FE1AA4952700B24BC3 /* Debug */,
				FB1FE2FF1AA4952700B24BC3 /* Release */,
			);
			defaultConfigurationIsVisible = 0;
			defaultConfigurationName = Debug;
		};
		FB1FE3001AA4952700B24BC3 /* Build configuration list for PBXNativeTarget "SoundGenerator_forMF" */ = {
			isa = XCConfigurationList;
			buildConfigurations = (
				FB1FE3011AA4952700B24BC3 /* Debug */,
				FB1FE3021AA4952700B24BC3 /* Release */,
			);
			defaultConfigurationIsVisible = 0;
			defaultConfigurationName = Debug;
		};
		FB1FE3031AA4952700B24BC3 /* Build configuration list for PBXNativeTarget "SoundGenerator_forMFTests" */ = {
			isa = XCConfigurationList;
			buildConfigurations = (
				FB1FE3041AA4952700B24BC3 /* Debug */,
				FB1FE3051AA4952700B24BC3 /* Release */,
			);
			defaultConfigurationIsVisible = 0;
			defaultConfigurationName = Debug;
		};
/* End XCConfigurationList section */
	};
	rootObject = FB1FE2D91AA4952700B24BC3 /* Project object */;
}
